
Microsoft Visual Studio Solution File, Format Version 12.00
# Visual Studio Version 17
VisualStudioVersion = 17.2.32630.192
MinimumVisualStudioVersion = 10.0.40219.1
Project("{9A19103F-16F7-4668-BE54-9A1E7A4F7556}") = "api-desafio21dias", "api-desafio21dias.csproj", "{4F130367-0E6C-4020-AA87-424DA866A5AA}"
EndProject
Global
	GlobalSection(SolutionConfigurationPlatforms) = preSolution
		Debug|Any CPU = Debug|Any CPU
		Release|Any CPU = Release|Any CPU
	EndGlobalSection
	GlobalSection(ProjectConfigurationPlatforms) = postSolution
		{4F130367-0E6C-4020-AA87-424DA866A5AA}.Debug|Any CPU.ActiveCfg = Debug|Any CPU
		{4F130367-0E6C-4020-AA87-424DA866A5AA}.Debug|Any CPU.Build.0 = Debug|Any CPU
		{4F130367-0E6C-4020-AA87-424DA866A5AA}.Release|Any CPU.ActiveCfg = Release|Any CPU
		{4F130367-0E6C-4020-AA87-424DA866A5AA}.Release|Any CPU.Build.0 = Release|Any CPU
	EndGlobalSection
	GlobalSection(SolutionProperties) = preSolution
		HideSolutionNode = FALSE
	EndGlobalSection
	GlobalSection(ExtensibilityGlobals) = postSolution
		SolutionGuid = {DAF604BB-F711-4537-B0ED-3124EE405DA4}
	EndGlobalSection
EndGlobal
